
Microsoft Visual Studio Solution File, Format Version 12.00
# Visual Studio Version 17
VisualStudioVersion = 17.3.32825.248
MinimumVisualStudioVersion = 10.0.40219.1
Project("{FAE04EC0-301F-11D3-BF4B-00C04F79EFBC}") = "ProjetJeuDeLaVie", "ProjetJeuDeLaVie.csproj", "{39882BEE-2B04-4349-8AD1-980D0C9CC04D}"
EndProject
Global
	GlobalSection(SolutionConfigurationPlatforms) = preSolution
		Debug|Any CPU = Debug|Any CPU
		Release|Any CPU = Release|Any CPU
	EndGlobalSection
	GlobalSection(ProjectConfigurationPlatforms) = postSolution
		{39882BEE-2B04-4349-8AD1-980D0C9CC04D}.Debug|Any CPU.ActiveCfg = Debug|Any CPU
		{39882BEE-2B04-4349-8AD1-980D0C9CC04D}.Debug|Any CPU.Build.0 = Debug|Any CPU
		{39882BEE-2B04-4349-8AD1-980D0C9CC04D}.Release|Any CPU.ActiveCfg = Release|Any CPU
		{39882BEE-2B04-4349-8AD1-980D0C9CC04D}.Release|Any CPU.Build.0 = Release|Any CPU
	EndGlobalSection
	GlobalSection(SolutionProperties) = preSolution
		HideSolutionNode = FALSE
	EndGlobalSection
	GlobalSection(ExtensibilityGlobals) = postSolution
		SolutionGuid = {3B5AC08B-0EC4-4586-9563-8C7ABEC50C29}
	EndGlobalSection
EndGlobal
